
Microsoft Visual Studio Solution File, Format Version 12.00
# Visual Studio Version 17
VisualStudioVersion = 17.2.32616.157
MinimumVisualStudioVersion = 10.0.40219.1
Project("{9A19103F-16F7-4668-BE54-9A1E7A4F7556}") = "Sat.Recruitment.Api", "Sat.Recruitment.Api\Sat.Recruitment.Api.csproj", "{1F342EA2-E7B1-4E53-AB93-9C62288D3FB0}"
EndProject
Project("{9A19103F-16F7-4668-BE54-9A1E7A4F7556}") = "Sat.Recruitment.Api.UnitTest", "Sat.Recruitment.Test\Sat.Recruitment.Api.UnitTest.csproj", "{42E696E9-2672-4B91-AD96-353A69F7219C}"
EndProject
Project("{9A19103F-16F7-4668-BE54-9A1E7A4F7556}") = "Sat.Recruitment.DataAccess", "Sat.Recruitment.DataAccess.Layer\Sat.Recruitment.DataAccess.csproj", "{42342A57-F40C-43F1-9151-294312F2782B}"
EndProject
Project("{9A19103F-16F7-4668-BE54-9A1E7A4F7556}") = "Sat.Recruitment.Service", "Sat.Recruitment.Service\Sat.Recruitment.Service.csproj", "{91126633-6E89-4514-B1BE-5BF85C9A0FE1}"
EndProject
Project("{9A19103F-16F7-4668-BE54-9A1E7A4F7556}") = "Sat.Recruitment.Model", "Sat.Recruitment.Model\Sat.Recruitment.Model.csproj", "{A1A796BA-F0FD-4D79-8DCC-E321040A3FDA}"
EndProject
Project("{9A19103F-16F7-4668-BE54-9A1E7A4F7556}") = "Sat.Recruitment.Helpers", "Sat.Recruitment.Helpers\Sat.Recruitment.Helpers.csproj", "{915C447B-5714-4D99-8D42-2FF153D1C401}"
EndProject
Project("{9A19103F-16F7-4668-BE54-9A1E7A4F7556}") = "Sat.Recruitment.ApiAuth", "Sat.Recruitment.ApiAuth\Sat.Recruitment.ApiAuth.csproj", "{26624B25-2C41-4116-9C79-DE755D83F417}"
EndProject
Project("{2150E333-8FDC-42A3-9474-1A3956D46DE8}") = "AuthtenticationToken", "AuthtenticationToken", "{8AA6F21A-7A98-47D5-8302-DCE3CE48E2F7}"
EndProject
Project("{9A19103F-16F7-4668-BE54-9A1E7A4F7556}") = "Sat.Recruitment.ApiAuth.ServiceModel", "Sat.Recruitment.ApiAuth.ServiceModel\Sat.Recruitment.ApiAuth.ServiceModel.csproj", "{6B6F519F-CB7A-4125-8647-A028EBB5C4AD}"
EndProject
Project("{E53339B2-1760-4266-BCC7-CA923CBCF16C}") = "docker-compose", "docker-compose.dcproj", "{57935300-37ED-4EE2-BF7A-E8DF28621678}"
EndProject
Project("{2150E333-8FDC-42A3-9474-1A3956D46DE8}") = "IntegrationTest", "IntegrationTest", "{B671A117-7495-47D7-9EA9-22FFF2655E26}"
EndProject
Project("{2150E333-8FDC-42A3-9474-1A3956D46DE8}") = "UnitTest", "UnitTest", "{5F4BC7FD-2621-4A2F-8067-CEBAA369E11F}"
EndProject
Project("{2150E333-8FDC-42A3-9474-1A3956D46DE8}") = "FunctionalTest", "FunctionalTest", "{D365C4E9-FCFF-43A3-9465-2D6FCA1D7919}"
EndProject
Project("{FAE04EC0-301F-11D3-BF4B-00C04F79EFBC}") = "Api.IntegrationTest", "..\Api.IntegrationTest\Api.IntegrationTest.csproj", "{0347D673-2681-458A-A4CA-9A7550A0FA4A}"
EndProject
Project("{FAE04EC0-301F-11D3-BF4B-00C04F79EFBC}") = "Api.Auth.IntegrationTest", "..\Api.Auth.IntegrationTest\Api.Auth.IntegrationTest.csproj", "{9348EE53-D9DA-4FAA-9014-66414ED1CBB3}"
EndProject
Project("{FAE04EC0-301F-11D3-BF4B-00C04F79EFBC}") = "Api.FunctionalTest", "..\Api.FunctionalTest\Api.FunctionalTest.csproj", "{89BABD3B-399B-408C-B3D0-E0018D5FAFD7}"
EndProject
Project("{FAE04EC0-301F-11D3-BF4B-00C04F79EFBC}") = "Api.Auth.FunctionalTest", "..\Api.Auth.FunctionalTest\Api.Auth.FunctionalTest.csproj", "{62BB4E4B-B656-4CBC-BD06-905F3DAA7326}"
EndProject
Global
	GlobalSection(SolutionConfigurationPlatforms) = preSolution
		Debug|Any CPU = Debug|Any CPU
		Release|Any CPU = Release|Any CPU
	EndGlobalSection
	GlobalSection(ProjectConfigurationPlatforms) = postSolution
		{1F342EA2-E7B1-4E53-AB93-9C62288D3FB0}.Debug|Any CPU.ActiveCfg = Debug|Any CPU
		{1F342EA2-E7B1-4E53-AB93-9C62288D3FB0}.Debug|Any CPU.Build.0 = Debug|Any CPU
		{1F342EA2-E7B1-4E53-AB93-9C62288D3FB0}.Release|Any CPU.ActiveCfg = Release|Any CPU
		{1F342EA2-E7B1-4E53-AB93-9C62288D3FB0}.Release|Any CPU.Build.0 = Release|Any CPU
		{42E696E9-2672-4B91-AD96-353A69F7219C}.Debug|Any CPU.ActiveCfg = Debug|Any CPU
		{42E696E9-2672-4B91-AD96-353A69F7219C}.Debug|Any CPU.Build.0 = Debug|Any CPU
		{42E696E9-2672-4B91-AD96-353A69F7219C}.Release|Any CPU.ActiveCfg = Release|Any CPU
		{42E696E9-2672-4B91-AD96-353A69F7219C}.Release|Any CPU.Build.0 = Release|Any CPU
		{42342A57-F40C-43F1-9151-294312F2782B}.Debug|Any CPU.ActiveCfg = Debug|Any CPU
		{42342A57-F40C-43F1-9151-294312F2782B}.Debug|Any CPU.Build.0 = Debug|Any CPU
		{42342A57-F40C-43F1-9151-294312F2782B}.Release|Any CPU.ActiveCfg = Release|Any CPU
		{42342A57-F40C-43F1-9151-294312F2782B}.Release|Any CPU.Build.0 = Release|Any CPU
		{91126633-6E89-4514-B1BE-5BF85C9A0FE1}.Debug|Any CPU.ActiveCfg = Debug|Any CPU
		{91126633-6E89-4514-B1BE-5BF85C9A0FE1}.Debug|Any CPU.Build.0 = Debug|Any CPU
		{91126633-6E89-4514-B1BE-5BF85C9A0FE1}.Release|Any CPU.ActiveCfg = Release|Any CPU
		{91126633-6E89-4514-B1BE-5BF85C9A0FE1}.Release|Any CPU.Build.0 = Release|Any CPU
		{A1A796BA-F0FD-4D79-8DCC-E321040A3FDA}.Debug|Any CPU.ActiveCfg = Debug|Any CPU
		{A1A796BA-F0FD-4D79-8DCC-E321040A3FDA}.Debug|Any CPU.Build.0 = Debug|Any CPU
		{A1A796BA-F0FD-4D79-8DCC-E321040A3FDA}.Release|Any CPU.ActiveCfg = Release|Any CPU
		{A1A796BA-F0FD-4D79-8DCC-E321040A3FDA}.Release|Any CPU.Build.0 = Release|Any CPU
		{915C447B-5714-4D99-8D42-2FF153D1C401}.Debug|Any CPU.ActiveCfg = Debug|Any CPU
		{915C447B-5714-4D99-8D42-2FF153D1C401}.Debug|Any CPU.Build.0 = Debug|Any CPU
		{915C447B-5714-4D99-8D42-2FF153D1C401}.Release|Any CPU.ActiveCfg = Release|Any CPU
		{915C447B-5714-4D99-8D42-2FF153D1C401}.Release|Any CPU.Build.0 = Release|Any CPU
		{26624B25-2C41-4116-9C79-DE755D83F417}.Debug|Any CPU.ActiveCfg = Debug|Any CPU
		{26624B25-2C41-4116-9C79-DE755D83F417}.Debug|Any CPU.Build.0 = Debug|Any CPU
		{26624B25-2C41-4116-9C79-DE755D83F417}.Release|Any CPU.ActiveCfg = Release|Any CPU
		{26624B25-2C41-4116-9C79-DE755D83F417}.Release|Any CPU.Build.0 = Release|Any CPU
		{6B6F519F-CB7A-4125-8647-A028EBB5C4AD}.Debug|Any CPU.ActiveCfg = Debug|Any CPU
		{6B6F519F-CB7A-4125-8647-A028EBB5C4AD}.Debug|Any CPU.Build.0 = Debug|Any CPU
		{6B6F519F-CB7A-4125-8647-A028EBB5C4AD}.Release|Any CPU.ActiveCfg = Release|Any CPU
		{6B6F519F-CB7A-4125-8647-A028EBB5C4AD}.Release|Any CPU.Build.0 = Release|Any CPU
		{57935300-37ED-4EE2-BF7A-E8DF28621678}.Debug|Any CPU.ActiveCfg = Debug|Any CPU
		{57935300-37ED-4EE2-BF7A-E8DF28621678}.Debug|Any CPU.Build.0 = Debug|Any CPU
		{57935300-37ED-4EE2-BF7A-E8DF28621678}.Release|Any CPU.ActiveCfg = Release|Any CPU
		{57935300-37ED-4EE2-BF7A-E8DF28621678}.Release|Any CPU.Build.0 = Release|Any CPU
		{0347D673-2681-458A-A4CA-9A7550A0FA4A}.Debug|Any CPU.ActiveCfg = Debug|Any CPU
		{0347D673-2681-458A-A4CA-9A7550A0FA4A}.Debug|Any CPU.Build.0 = Debug|Any CPU
		{0347D673-2681-458A-A4CA-9A7550A0FA4A}.Release|Any CPU.ActiveCfg = Release|Any CPU
		{0347D673-2681-458A-A4CA-9A7550A0FA4A}.Release|Any CPU.Build.0 = Release|Any CPU
		{9348EE53-D9DA-4FAA-9014-66414ED1CBB3}.Debug|Any CPU.ActiveCfg = Debug|Any CPU
		{9348EE53-D9DA-4FAA-9014-66414ED1CBB3}.Debug|Any CPU.Build.0 = Debug|Any CPU
		{9348EE53-D9DA-4FAA-9014-66414ED1CBB3}.Release|Any CPU.ActiveCfg = Release|Any CPU
		{9348EE53-D9DA-4FAA-9014-66414ED1CBB3}.Release|Any CPU.Build.0 = Release|Any CPU
		{89BABD3B-399B-408C-B3D0-E0018D5FAFD7}.Debug|Any CPU.ActiveCfg = Debug|Any CPU
		{89BABD3B-399B-408C-B3D0-E0018D5FAFD7}.Debug|Any CPU.Build.0 = Debug|Any CPU
		{89BABD3B-399B-408C-B3D0-E0018D5FAFD7}.Release|Any CPU.ActiveCfg = Release|Any CPU
		{89BABD3B-399B-408C-B3D0-E0018D5FAFD7}.Release|Any CPU.Build.0 = Release|Any CPU
		{62BB4E4B-B656-4CBC-BD06-905F3DAA7326}.Debug|Any CPU.ActiveCfg = Debug|Any CPU
		{62BB4E4B-B656-4CBC-BD06-905F3DAA7326}.Debug|Any CPU.Build.0 = Debug|Any CPU
		{62BB4E4B-B656-4CBC-BD06-905F3DAA7326}.Release|Any CPU.ActiveCfg = Release|Any CPU
		{62BB4E4B-B656-4CBC-BD06-905F3DAA7326}.Release|Any CPU.Build.0 = Release|Any CPU
	EndGlobalSection
	GlobalSection(SolutionProperties) = preSolution
		HideSolutionNode = FALSE
	EndGlobalSection
	GlobalSection(NestedProjects) = preSolution
		{42E696E9-2672-4B91-AD96-353A69F7219C} = {5F4BC7FD-2621-4A2F-8067-CEBAA369E11F}
		{26624B25-2C41-4116-9C79-DE755D83F417} = {8AA6F21A-7A98-47D5-8302-DCE3CE48E2F7}
		{6B6F519F-CB7A-4125-8647-A028EBB5C4AD} = {8AA6F21A-7A98-47D5-8302-DCE3CE48E2F7}
		{0347D673-2681-458A-A4CA-9A7550A0FA4A} = {B671A117-7495-47D7-9EA9-22FFF2655E26}
		{9348EE53-D9DA-4FAA-9014-66414ED1CBB3} = {B671A117-7495-47D7-9EA9-22FFF2655E26}
		{89BABD3B-399B-408C-B3D0-E0018D5FAFD7} = {D365C4E9-FCFF-43A3-9465-2D6FCA1D7919}
		{62BB4E4B-B656-4CBC-BD06-905F3DAA7326} = {D365C4E9-FCFF-43A3-9465-2D6FCA1D7919}
	EndGlobalSection
	GlobalSection(ExtensibilityGlobals) = postSolution
		SolutionGuid = {A2A05765-05B9-484D-8D3D-506849EB716F}
	EndGlobalSection
EndGlobal
